
Microsoft Visual Studio Solution File, Format Version 12.00
# Visual Studio Version 17
VisualStudioVersion = 17.14.36414.22
MinimumVisualStudioVersion = 10.0.40219.1
Project("{FAE04EC0-301F-11D3-BF4B-00C04F79EFBC}") = "Clinical_project.API", "Clinical_project.API\Clinical_project.API.csproj", "{6D7733F8-B39A-4A74-B58F-0D9562BE3902}"
EndProject
Global
	GlobalSection(SolutionConfigurationPlatforms) = preSolution
		Debug|Any CPU = Debug|Any CPU
		Release|Any CPU = Release|Any CPU
	EndGlobalSection
	GlobalSection(ProjectConfigurationPlatforms) = postSolution
		{6D7733F8-B39A-4A74-B58F-0D9562BE3902}.Debug|Any CPU.ActiveCfg = Debug|Any CPU
		{6D7733F8-B39A-4A74-B58F-0D9562BE3902}.Debug|Any CPU.Build.0 = Debug|Any CPU
		{6D7733F8-B39A-4A74-B58F-0D9562BE3902}.Release|Any CPU.ActiveCfg = Release|Any CPU
		{6D7733F8-B39A-4A74-B58F-0D9562BE3902}.Release|Any CPU.Build.0 = Release|Any CPU
	EndGlobalSection
	GlobalSection(SolutionProperties) = preSolution
		HideSolutionNode = FALSE
	EndGlobalSection
	GlobalSection(ExtensibilityGlobals) = postSolution
		SolutionGuid = {27A9042A-C345-4421-A6F3-22E5430EFB6D}
	EndGlobalSection
EndGlobal
